
Microsoft Visual Studio Solution File, Format Version 12.00
# Visual Studio 15
VisualStudioVersion = 15.0.27130.2026
MinimumVisualStudioVersion = 10.0.40219.1
Project("{8BC9CEB8-8B4A-11D0-8D11-00A0C91BC942}") = "COMP_2617_A00583216_Jest_Assign_03", "COMP_2617_A00583216_Jest_Assign_03.vcxproj", "{32A1199E-A452-4D7A-AFD3-DC66C8A8CB23}"
EndProject
Global
	GlobalSection(SolutionConfigurationPlatforms) = preSolution
		Debug|x64 = Debug|x64
		Debug|x86 = Debug|x86
		Release|x64 = Release|x64
		Release|x86 = Release|x86
	EndGlobalSection
	GlobalSection(ProjectConfigurationPlatforms) = postSolution
		{32A1199E-A452-4D7A-AFD3-DC66C8A8CB23}.Debug|x64.ActiveCfg = Debug|x64
		{32A1199E-A452-4D7A-AFD3-DC66C8A8CB23}.Debug|x64.Build.0 = Debug|x64
		{32A1199E-A452-4D7A-AFD3-DC66C8A8CB23}.Debug|x86.ActiveCfg = Debug|Win32
		{32A1199E-A452-4D7A-AFD3-DC66C8A8CB23}.Debug|x86.Build.0 = Debug|Win32
		{32A1199E-A452-4D7A-AFD3-DC66C8A8CB23}.Release|x64.ActiveCfg = Release|x64
		{32A1199E-A452-4D7A-AFD3-DC66C8A8CB23}.Release|x64.Build.0 = Release|x64
		{32A1199E-A452-4D7A-AFD3-DC66C8A8CB23}.Release|x86.ActiveCfg = Release|Win32
		{32A1199E-A452-4D7A-AFD3-DC66C8A8CB23}.Release|x86.Build.0 = Release|Win32
	EndGlobalSection
	GlobalSection(SolutionProperties) = preSolution
		HideSolutionNode = FALSE
	EndGlobalSection
	GlobalSection(ExtensibilityGlobals) = postSolution
		SolutionGuid = {4100D7A8-8718-4C72-9B9D-88BD20851B71}
	EndGlobalSection
EndGlobal
